{
  "name": "svindlblod",
  "version": "1.0.0",
  "lockfileVersion": 1,
  "requires": true,
  "dependencies": {
    "marked": {
      "version": "4.0.6",
      "resolved": "https://registry.npmjs.org/marked/-/marked-4.0.6.tgz",
      "integrity": "sha512-+H0bTf8DM8zLuFBUm/2VklxaCrwlBFgoJzHJcMZCnZ9cPgsllHwKpL6TPLdDeA38yPluMuVKOL1hO5w6HmG5Mg=="
    },
    "prettier": {
      "version": "2.5.1",
      "resolved": "https://registry.npmjs.org/prettier/-/prettier-2.5.1.tgz",
      "integrity": "sha512-vBZcPRUR5MZJwoyi3ZoyQlc1rXeEck8KgeC9AwwOn+exuxLxq5toTRDTSaVrXHxelDMHy9zlicw8u66yxoSUFg=="
    }
  }
}
